
Microsoft Visual Studio Solution File, Format Version 12.00
# Visual Studio Version 17
VisualStudioVersion = 17.1.32328.378
MinimumVisualStudioVersion = 10.0.40219.1
Project("{FAE04EC0-301F-11D3-BF4B-00C04F79EFBC}") = "Squrreltest2", "Squrreltest2\Squrreltest2.csproj", "{5597A782-DC41-4AC2-9A89-C1A97D190E13}"
EndProject
Global
	GlobalSection(SolutionConfigurationPlatforms) = preSolution
		Debug|Any CPU = Debug|Any CPU
		Release|Any CPU = Release|Any CPU
	EndGlobalSection
	GlobalSection(ProjectConfigurationPlatforms) = postSolution
		{5597A782-DC41-4AC2-9A89-C1A97D190E13}.Debug|Any CPU.ActiveCfg = Debug|Any CPU
		{5597A782-DC41-4AC2-9A89-C1A97D190E13}.Debug|Any CPU.Build.0 = Debug|Any CPU
		{5597A782-DC41-4AC2-9A89-C1A97D190E13}.Release|Any CPU.ActiveCfg = Release|Any CPU
		{5597A782-DC41-4AC2-9A89-C1A97D190E13}.Release|Any CPU.Build.0 = Release|Any CPU
	EndGlobalSection
	GlobalSection(SolutionProperties) = preSolution
		HideSolutionNode = FALSE
	EndGlobalSection
	GlobalSection(ExtensibilityGlobals) = postSolution
		SolutionGuid = {04C78BB8-48A4-4856-AEAC-0E342804E226}
	EndGlobalSection
EndGlobal
